
Microsoft Visual Studio Solution File, Format Version 12.00
# Visual Studio Version 16
VisualStudioVersion = 16.0.31729.503
MinimumVisualStudioVersion = 10.0.40219.1
Project("{FAE04EC0-301F-11D3-BF4B-00C04F79EFBC}") = "clases 24-06", "clases 24-06\clases 24-06.csproj", "{9999E22F-FAA0-4136-B36C-B7F8BEEA6ECF}"
EndProject
Global
	GlobalSection(SolutionConfigurationPlatforms) = preSolution
		Debug|Any CPU = Debug|Any CPU
		Release|Any CPU = Release|Any CPU
	EndGlobalSection
	GlobalSection(ProjectConfigurationPlatforms) = postSolution
		{9999E22F-FAA0-4136-B36C-B7F8BEEA6ECF}.Debug|Any CPU.ActiveCfg = Debug|Any CPU
		{9999E22F-FAA0-4136-B36C-B7F8BEEA6ECF}.Debug|Any CPU.Build.0 = Debug|Any CPU
		{9999E22F-FAA0-4136-B36C-B7F8BEEA6ECF}.Release|Any CPU.ActiveCfg = Release|Any CPU
		{9999E22F-FAA0-4136-B36C-B7F8BEEA6ECF}.Release|Any CPU.Build.0 = Release|Any CPU
	EndGlobalSection
	GlobalSection(SolutionProperties) = preSolution
		HideSolutionNode = FALSE
	EndGlobalSection
	GlobalSection(ExtensibilityGlobals) = postSolution
		SolutionGuid = {F3723F46-8373-4338-B64E-3639D87C95B4}
	EndGlobalSection
EndGlobal
